
Microsoft Visual Studio Solution File, Format Version 12.00
# Visual Studio 15
VisualStudioVersion = 15.0.26430.15
MinimumVisualStudioVersion = 10.0.40219.1
Project("{00D1A9C2-B5F0-4AF3-8072-F6C62B433612}") = "HousingProvider.DB.SqlServer", "HousingProvider.DB.SqlServer\HousingProvider.DB.SqlServer.sqlproj", "{C8BA2A1C-19DE-4687-9EF2-11AA31711FAB}"
EndProject
Global
	GlobalSection(SolutionConfigurationPlatforms) = preSolution
		Debug|Any CPU = Debug|Any CPU
		Release|Any CPU = Release|Any CPU
	EndGlobalSection
	GlobalSection(ProjectConfigurationPlatforms) = postSolution
		{C8BA2A1C-19DE-4687-9EF2-11AA31711FAB}.Debug|Any CPU.ActiveCfg = Debug|Any CPU
		{C8BA2A1C-19DE-4687-9EF2-11AA31711FAB}.Debug|Any CPU.Build.0 = Debug|Any CPU
		{C8BA2A1C-19DE-4687-9EF2-11AA31711FAB}.Debug|Any CPU.Deploy.0 = Debug|Any CPU
		{C8BA2A1C-19DE-4687-9EF2-11AA31711FAB}.Release|Any CPU.ActiveCfg = Release|Any CPU
		{C8BA2A1C-19DE-4687-9EF2-11AA31711FAB}.Release|Any CPU.Build.0 = Release|Any CPU
		{C8BA2A1C-19DE-4687-9EF2-11AA31711FAB}.Release|Any CPU.Deploy.0 = Release|Any CPU
	EndGlobalSection
	GlobalSection(SolutionProperties) = preSolution
		HideSolutionNode = FALSE
	EndGlobalSection
EndGlobal
